# This file is autogenerated, do not edit; changes may be undone by the next 'dep ensure'.


[[projects]]
  branch = "master"
  name = "github.com/hashicorp/errwrap"
  packages = ["."]
  revision = "7554cd9344cec97297fa6649b055a8c98c2a1e55"

[[projects]]
  branch = "master"
  name = "github.com/hashicorp/go-multierror"
  packages = ["."]
  revision = "83588e72410abfbe4df460eeb6f30841ae47d4c4"

[[projects]]
  name = "github.com/parnurzeal/gorequest"
  packages = ["."]
  revision = "8d2969c35f5ea2f8f804abe876221f665b9143aa"
  version = "v0.2.1"

[[projects]]
  name = "github.com/pkg/errors"
  packages = ["."]
  revision = "645ef00459ed84a119197bfb8d8205042c6df63d"
  version = "v0.8.0"

[solve-meta]
  analyzer-name = "dep"
  analyzer-version = 1
  inputs-digest = "7c41d2262b10d6b77d3535fcdbe93828a421b0755e2b3dbc682fe6fb7abde47f"
  solver-name = "gps-cdcl"
  solver-version = 1
